
Microsoft Visual Studio Solution File, Format Version 12.00
# Visual Studio Version 16
VisualStudioVersion = 16.0.30717.126
MinimumVisualStudioVersion = 10.0.40219.1
Project("{9A19103F-16F7-4668-BE54-9A1E7A4F7556}") = "ConsoleApp1", "ConsoleApp1\ConsoleApp1.csproj", "{EDC39FC1-940C-4FA7-82DF-7AEBF5787375}"
EndProject
Project("{FAE04EC0-301F-11D3-BF4B-00C04F79EFBC}") = "PostSharpExampl", "PostSharpExampl\PostSharpExampl.csproj", "{E1A5B0EB-9AEC-4F2F-A314-D2473A355457}"
EndProject
Project("{FAE04EC0-301F-11D3-BF4B-00C04F79EFBC}") = "ReflactionExamples", "ReflactionExamples\ReflactionExamples.csproj", "{A19FEB61-AB44-4D2E-80FB-32F800F427FA}"
EndProject
Global
	GlobalSection(SolutionConfigurationPlatforms) = preSolution
		Debug|Any CPU = Debug|Any CPU
		Release|Any CPU = Release|Any CPU
	EndGlobalSection
	GlobalSection(ProjectConfigurationPlatforms) = postSolution
		{EDC39FC1-940C-4FA7-82DF-7AEBF5787375}.Debug|Any CPU.ActiveCfg = Debug|Any CPU
		{EDC39FC1-940C-4FA7-82DF-7AEBF5787375}.Debug|Any CPU.Build.0 = Debug|Any CPU
		{EDC39FC1-940C-4FA7-82DF-7AEBF5787375}.Release|Any CPU.ActiveCfg = Release|Any CPU
		{EDC39FC1-940C-4FA7-82DF-7AEBF5787375}.Release|Any CPU.Build.0 = Release|Any CPU
		{E1A5B0EB-9AEC-4F2F-A314-D2473A355457}.Debug|Any CPU.ActiveCfg = Debug|Any CPU
		{E1A5B0EB-9AEC-4F2F-A314-D2473A355457}.Debug|Any CPU.Build.0 = Debug|Any CPU
		{E1A5B0EB-9AEC-4F2F-A314-D2473A355457}.Release|Any CPU.ActiveCfg = Release|Any CPU
		{E1A5B0EB-9AEC-4F2F-A314-D2473A355457}.Release|Any CPU.Build.0 = Release|Any CPU
		{A19FEB61-AB44-4D2E-80FB-32F800F427FA}.Debug|Any CPU.ActiveCfg = Debug|Any CPU
		{A19FEB61-AB44-4D2E-80FB-32F800F427FA}.Debug|Any CPU.Build.0 = Debug|Any CPU
		{A19FEB61-AB44-4D2E-80FB-32F800F427FA}.Release|Any CPU.ActiveCfg = Release|Any CPU
		{A19FEB61-AB44-4D2E-80FB-32F800F427FA}.Release|Any CPU.Build.0 = Release|Any CPU
	EndGlobalSection
	GlobalSection(SolutionProperties) = preSolution
		HideSolutionNode = FALSE
	EndGlobalSection
	GlobalSection(ExtensibilityGlobals) = postSolution
		SolutionGuid = {DB11393F-0AF8-492C-805A-318BFEAFF9D8}
	EndGlobalSection
EndGlobal
